// !$*UTF8*$!
{
	archiveVersion = 1;
	classes = {
	};
	objectVersion = 77;
	objects = {

/* Begin PBXBuildFile section */
		9C97CE062D88B11F00DAFECE /* BiometricSDK in Frameworks */ = {isa = PBXBuildFile; productRef = 9C97CE052D88B11F00DAFECE /* BiometricSDK */; };
/* End PBXBuildFile section */

/* Begin PBXContainerItemProxy section */
		9C97CDE52D88B0E500DAFECE /* PBXContainerItemProxy */ = {
			isa = PBXContainerItemProxy;
			containerPortal = 9C97CDC62D88B0E000DAFECE /* Project object */;
			proxyType = 1;
			remoteGlobalIDString = 9C97CDCD2D88B0E100DAFECE;
			remoteInfo = BiometricsDemo;
		};
		9C97CDEF2D88B0E600DAFECE /* PBXContainerItemProxy */ = {
			isa = PBXContainerItemProxy;
			containerPortal = 9C97CDC62D88B0E000DAFECE /* Project object */;
			proxyType = 1;
			remoteGlobalIDString = 9C97CDCD2D88B0E100DAFECE;
			remoteInfo = BiometricsDemo;
		};
/* End PBXContainerItemProxy section */

/* Begin PBXFileReference section */
		9C97CDCE2D88B0E100DAFECE /* BiometricsDemo.app */ = {isa = PBXFileReference; explicitFileType = wrapper.application; includeInIndex = 0; path = BiometricsDemo.app; sourceTree = BUILT_PRODUCTS_DIR; };
		9C97CDE42D88B0E500DAFECE /* BiometricsDemoTests.xctest */ = {isa = PBXFileReference; explicitFileType = wrapper.cfbundle; includeInIndex = 0; path = BiometricsDemoTests.xctest; sourceTree = BUILT_PRODUCTS_DIR; };
		9C97CDEE2D88B0E600DAFECE /* BiometricsDemoUITests.xctest */ = {isa = PBXFileReference; explicitFileType = wrapper.cfbundle; includeInIndex = 0; path = BiometricsDemoUITests.xctest; sourceTree = BUILT_PRODUCTS_DIR; };
/* End PBXFileReference section */

/* Begin PBXFileSystemSynchronizedBuildFileExceptionSet section */
		9C97CDF62D88B0E600DAFECE /* Exceptions for "BiometricsDemo" folder in "BiometricsDemo" target */ = {
			isa = PBXFileSystemSynchronizedBuildFileExceptionSet;
			membershipExceptions = (
				Info.plist,
			);
			target = 9C97CDCD2D88B0E100DAFECE /* BiometricsDemo */;
		};
/* End PBXFileSystemSynchronizedBuildFileExceptionSet section */

/* Begin PBXFileSystemSynchronizedRootGroup section */
		9C97CDD02D88B0E100DAFECE /* BiometricsDemo */ = {
			isa = PBXFileSystemSynchronizedRootGroup;
			exceptions = (
				9C97CDF62D88B0E600DAFECE /* Exceptions for "BiometricsDemo" folder in "BiometricsDemo" target */,
			);
			path = BiometricsDemo;
			sourceTree = "<group>";
		};
		9C97CDE72D88B0E500DAFECE /* BiometricsDemoTests */ = {
			isa = PBXFileSystemSynchronizedRootGroup;
			path = BiometricsDemoTests;
			sourceTree = "<group>";
		};
		9C97CDF12D88B0E600DAFECE /* BiometricsDemoUITests */ = {
			isa = PBXFileSystemSynchronizedRootGroup;
			path = BiometricsDemoUITests;
			sourceTree = "<group>";
		};
/* End PBXFileSystemSynchronizedRootGroup section */

/* Begin PBXFrameworksBuildPhase section */
		9C97CDCB2D88B0E100DAFECE /* Frameworks */ = {
			isa = PBXFrameworksBuildPhase;
			buildActionMask = 2147483647;
			files = (
				9C97CE062D88B11F00DAFECE /* BiometricSDK in Frameworks */,
			);
			runOnlyForDeploymentPostprocessing = 0;
		};
		9C97CDE12D88B0E500DAFECE /* Frameworks */ = {
			isa = PBXFrameworksBuildPhase;
			buildActionMask = 2147483647;
			files = (
			);
			runOnlyForDeploymentPostprocessing = 0;
		};
		9C97CDEB2D88B0E600DAFECE /* Frameworks */ = {
			isa = PBXFrameworksBuildPhase;
			buildActionMask = 2147483647;
			files = (
			);
			runOnlyForDeploymentPostprocessing = 0;
		};
/* End PBXFrameworksBuildPhase section */

/* Begin PBXGroup section */
		9C97CDC52D88B0E000DAFECE = {
			isa = PBXGroup;
			children = (
				9C97CDD02D88B0E100DAFECE /* BiometricsDemo */,
				9C97CDE72D88B0E500DAFECE /* BiometricsDemoTests */,
				9C97CDF12D88B0E600DAFECE /* BiometricsDemoUITests */,
				9C97CDCF2D88B0E100DAFECE /* Products */,
			);
			sourceTree = "<group>";
		};
		9C97CDCF2D88B0E100DAFECE /* Products */ = {
			isa = PBXGroup;
			children = (
				9C97CDCE2D88B0E100DAFECE /* BiometricsDemo.app */,
				9C97CDE42D88B0E500DAFECE /* BiometricsDemoTests.xctest */,
				9C97CDEE2D88B0E600DAFECE /* BiometricsDemoUITests.xctest */,
			);
			name = Products;
			sourceTree = "<group>";
		};
/* End PBXGroup section */

/* Begin PBXNativeTarget section */
		9C97CDCD2D88B0E100DAFECE /* BiometricsDemo */ = {
			isa = PBXNativeTarget;
			buildConfigurationList = 9C97CDF72D88B0E600DAFECE /* Build configuration list for PBXNativeTarget "BiometricsDemo" */;
			buildPhases = (
				9C97CDCA2D88B0E100DAFECE /* Sources */,
				9C97CDCB2D88B0E100DAFECE /* Frameworks */,
				9C97CDCC2D88B0E100DAFECE /* Resources */,
			);
			buildRules = (
			);
			dependencies = (
			);
			fileSystemSynchronizedGroups = (
				9C97CDD02D88B0E100DAFECE /* BiometricsDemo */,
			);
			name = BiometricsDemo;
			packageProductDependencies = (
				9C97CE052D88B11F00DAFECE /* BiometricSDK */,
			);
			productName = BiometricsDemo;
			productReference = 9C97CDCE2D88B0E100DAFECE /* BiometricsDemo.app */;
			productType = "com.apple.product-type.application";
		};
		9C97CDE32D88B0E500DAFECE /* BiometricsDemoTests */ = {
			isa = PBXNativeTarget;
			buildConfigurationList = 9C97CDFC2D88B0E600DAFECE /* Build configuration list for PBXNativeTarget "BiometricsDemoTests" */;
			buildPhases = (
				9C97CDE02D88B0E500DAFECE /* Sources */,
				9C97CDE12D88B0E500DAFECE /* Frameworks */,
				9C97CDE22D88B0E500DAFECE /* Resources */,
			);
			buildRules = (
			);
			dependencies = (
				9C97CDE62D88B0E500DAFECE /* PBXTargetDependency */,
			);
			fileSystemSynchronizedGroups = (
				9C97CDE72D88B0E500DAFECE /* BiometricsDemoTests */,
			);
			name = BiometricsDemoTests;
			packageProductDependencies = (
			);
			productName = BiometricsDemoTests;
			productReference = 9C97CDE42D88B0E500DAFECE /* BiometricsDemoTests.xctest */;
			productType = "com.apple.product-type.bundle.unit-test";
		};
		9C97CDED2D88B0E600DAFECE /* BiometricsDemoUITests */ = {
			isa = PBXNativeTarget;
			buildConfigurationList = 9C97CDFF2D88B0E600DAFECE /* Build configuration list for PBXNativeTarget "BiometricsDemoUITests" */;
			buildPhases = (
				9C97CDEA2D88B0E600DAFECE /* Sources */,
				9C97CDEB2D88B0E600DAFECE /* Frameworks */,
				9C97CDEC2D88B0E600DAFECE /* Resources */,
			);
			buildRules = (
			);
			dependencies = (
				9C97CDF02D88B0E600DAFECE /* PBXTargetDependency */,
			);
			fileSystemSynchronizedGroups = (
				9C97CDF12D88B0E600DAFECE /* BiometricsDemoUITests */,
			);
			name = BiometricsDemoUITests;
			packageProductDependencies = (
			);
			productName = BiometricsDemoUITests;
			productReference = 9C97CDEE2D88B0E600DAFECE /* BiometricsDemoUITests.xctest */;
			productType = "com.apple.product-type.bundle.ui-testing";
		};
/* End PBXNativeTarget section */

/* Begin PBXProject section */
		9C97CDC62D88B0E000DAFECE /* Project object */ = {
			isa = PBXProject;
			attributes = {
				BuildIndependentTargetsInParallel = 1;
				LastSwiftUpdateCheck = 1600;
				LastUpgradeCheck = 1600;
				TargetAttributes = {
					9C97CDCD2D88B0E100DAFECE = {
						CreatedOnToolsVersion = 16.0;
					};
					9C97CDE32D88B0E500DAFECE = {
						CreatedOnToolsVersion = 16.0;
						TestTargetID = 9C97CDCD2D88B0E100DAFECE;
					};
					9C97CDED2D88B0E600DAFECE = {
						CreatedOnToolsVersion = 16.0;
						TestTargetID = 9C97CDCD2D88B0E100DAFECE;
					};
				};
			};
			buildConfigurationList = 9C97CDC92D88B0E000DAFECE /* Build configuration list for PBXProject "BiometricsDemo" */;
			developmentRegion = en;
			hasScannedForEncodings = 0;
			knownRegions = (
				en,
				Base,
			);
			mainGroup = 9C97CDC52D88B0E000DAFECE;
			minimizedProjectReferenceProxies = 1;
			packageReferences = (
				9C97CE042D88B11F00DAFECE /* XCRemoteSwiftPackageReference "BiometricSDK" */,
			);
			preferredProjectObjectVersion = 77;
			productRefGroup = 9C97CDCF2D88B0E100DAFECE /* Products */;
			projectDirPath = "";
			projectRoot = "";
			targets = (
				9C97CDCD2D88B0E100DAFECE /* BiometricsDemo */,
				9C97CDE32D88B0E500DAFECE /* BiometricsDemoTests */,
				9C97CDED2D88B0E600DAFECE /* BiometricsDemoUITests */,
			);
		};
/* End PBXProject section */

/* Begin PBXResourcesBuildPhase section */
		9C97CDCC2D88B0E100DAFECE /* Resources */ = {
			isa = PBXResourcesBuildPhase;
			buildActionMask = 2147483647;
			files = (
			);
			runOnlyForDeploymentPostprocessing = 0;
		};
		9C97CDE22D88B0E500DAFECE /* Resources */ = {
			isa = PBXResourcesBuildPhase;
			buildActionMask = 2147483647;
			files = (
			);
			runOnlyForDeploymentPostprocessing = 0;
		};
		9C97CDEC2D88B0E600DAFECE /* Resources */ = {
			isa = PBXResourcesBuildPhase;
			buildActionMask = 2147483647;
			files = (
			);
			runOnlyForDeploymentPostprocessing = 0;
		};
/* End PBXResourcesBuildPhase section */

/* Begin PBXSourcesBuildPhase section */
		9C97CDCA2D88B0E100DAFECE /* Sources */ = {
			isa = PBXSourcesBuildPhase;
			buildActionMask = 2147483647;
			files = (
			);
			runOnlyForDeploymentPostprocessing = 0;
		};
		9C97CDE02D88B0E500DAFECE /* Sources */ = {
			isa = PBXSourcesBuildPhase;
			buildActionMask = 2147483647;
			files = (
			);
			runOnlyForDeploymentPostprocessing = 0;
		};
		9C97CDEA2D88B0E600DAFECE /* Sources */ = {
			isa = PBXSourcesBuildPhase;
			buildActionMask = 2147483647;
			files = (
			);
			runOnlyForDeploymentPostprocessing = 0;
		};
/* End PBXSourcesBuildPhase section */

/* Begin PBXTargetDependency section */
		9C97CDE62D88B0E500DAFECE /* PBXTargetDependency */ = {
			isa = PBXTargetDependency;
			target = 9C97CDCD2D88B0E100DAFECE /* BiometricsDemo */;
			targetProxy = 9C97CDE52D88B0E500DAFECE /* PBXContainerItemProxy */;
		};
		9C97CDF02D88B0E600DAFECE /* PBXTargetDependency */ = {
			isa = PBXTargetDependency;
			target = 9C97CDCD2D88B0E100DAFECE /* BiometricsDemo */;
			targetProxy = 9C97CDEF2D88B0E600DAFECE /* PBXContainerItemProxy */;
		};
/* End PBXTargetDependency section */

/* Begin XCBuildConfiguration section */
		9C97CDF82D88B0E600DAFECE /* Debug */ = {
			isa = XCBuildConfiguration;
			buildSettings = {
				ASSETCATALOG_COMPILER_APPICON_NAME = AppIcon;
				ASSETCATALOG_COMPILER_GLOBAL_ACCENT_COLOR_NAME = AccentColor;
				CODE_SIGN_STYLE = Automatic;
				CURRENT_PROJECT_VERSION = 1;
				GENERATE_INFOPLIST_FILE = YES;
				INFOPLIST_FILE = BiometricsDemo/Info.plist;
				INFOPLIST_KEY_UIApplicationSupportsIndirectInputEvents = YES;
				INFOPLIST_KEY_UILaunchStoryboardName = LaunchScreen;
				INFOPLIST_KEY_UIMainStoryboardFile = Main;
				INFOPLIST_KEY_UISupportedInterfaceOrientations_iPad = "UIInterfaceOrientationPortrait UIInterfaceOrientationPortraitUpsideDown UIInterfaceOrientationLandscapeLeft UIInterfaceOrientationLandscapeRight";
				INFOPLIST_KEY_UISupportedInterfaceOrientations_iPhone = "UIInterfaceOrientationPortrait UIInterfaceOrientationLandscapeLeft UIInterfaceOrientationLandscapeRight";
				LD_RUNPATH_SEARCH_PATHS = (
					"$(inherited)",
					"@executable_path/Frameworks",
				);
				MARKETING_VERSION = 1.0;
				PRODUCT_BUNDLE_IDENTIFIER = EventPalz.com.BiometricsDemo;
				PRODUCT_NAME = "$(TARGET_NAME)";
				SWIFT_EMIT_LOC_STRINGS = YES;
				SWIFT_VERSION = 5.0;
				TARGETED_DEVICE_FAMILY = "1,2";
			};
			name = Debug;
		};
		9C97CDF92D88B0E600DAFECE /* Release */ = {
			isa = XCBuildConfiguration;
			buildSettings = {
				ASSETCATALOG_COMPILER_APPICON_NAME = AppIcon;
				ASSETCATALOG_COMPILER_GLOBAL_ACCENT_COLOR_NAME = AccentColor;
				CODE_SIGN_STYLE = Automatic;
				CURRENT_PROJECT_VERSION = 1;
				GENERATE_INFOPLIST_FILE = YES;
				INFOPLIST_FILE = BiometricsDemo/Info.plist;
				INFOPLIST_KEY_UIApplicationSupportsIndirectInputEvents = YES;
				INFOPLIST_KEY_UILaunchStoryboardName = LaunchScreen;
				INFOPLIST_KEY_UIMainStoryboardFile = Main;
				INFOPLIST_KEY_UISupportedInterfaceOrientations_iPad = "UIInterfaceOrientationPortrait UIInterfaceOrientationPortraitUpsideDown UIInterfaceOrientationLandscapeLeft UIInterfaceOrientationLandscapeRight";
				INFOPLIST_KEY_UISupportedInterfaceOrientations_iPhone = "UIInterfaceOrientationPortrait UIInterfaceOrientationLandscapeLeft UIInterfaceOrientationLandscapeRight";
				LD_RUNPATH_SEARCH_PATHS = (
					"$(inherited)",
					"@executable_path/Frameworks",
				);
				MARKETING_VERSION = 1.0;
				PRODUCT_BUNDLE_IDENTIFIER = EventPalz.com.BiometricsDemo;
				PRODUCT_NAME = "$(TARGET_NAME)";
				SWIFT_EMIT_LOC_STRINGS = YES;
				SWIFT_VERSION = 5.0;
				TARGETED_DEVICE_FAMILY = "1,2";
			};
			name = Release;
		};
		9C97CDFA2D88B0E600DAFECE /* Debug */ = {
			isa = XCBuildConfiguration;
			buildSettings = {
				ALWAYS_SEARCH_USER_PATHS = NO;
				ASSETCATALOG_COMPILER_GENERATE_SWIFT_ASSET_SYMBOL_EXTENSIONS = YES;
				CLANG_ANALYZER_NONNULL = YES;
				CLANG_ANALYZER_NUMBER_OBJECT_CONVERSION = YES_AGGRESSIVE;
				CLANG_CXX_LANGUAGE_STANDARD = "gnu++20";
				CLANG_ENABLE_MODULES = YES;
				CLANG_ENABLE_OBJC_ARC = YES;
				CLANG_ENABLE_OBJC_WEAK = YES;
				CLANG_WARN_BLOCK_CAPTURE_AUTORELEASING = YES;
				CLANG_WARN_BOOL_CONVERSION = YES;
				CLANG_WARN_COMMA = YES;
				CLANG_WARN_CONSTANT_CONVERSION = YES;
				CLANG_WARN_DEPRECATED_OBJC_IMPLEMENTATIONS = YES;
				CLANG_WARN_DIRECT_OBJC_ISA_USAGE = YES_ERROR;
				CLANG_WARN_DOCUMENTATION_COMMENTS = YES;
				CLANG_WARN_EMPTY_BODY = YES;
				CLANG_WARN_ENUM_CONVERSION = YES;
				CLANG_WARN_INFINITE_RECURSION = YES;
				CLANG_WARN_INT_CONVERSION = YES;
				CLANG_WARN_NON_LITERAL_NULL_CONVERSION = YES;
				CLANG_WARN_OBJC_IMPLICIT_RETAIN_SELF = YES;
				CLANG_WARN_OBJC_LITERAL_CONVERSION = YES;
				CLANG_WARN_OBJC_ROOT_CLASS = YES_ERROR;
				CLANG_WARN_QUOTED_INCLUDE_IN_FRAMEWORK_HEADER = YES;
				CLANG_WARN_RANGE_LOOP_ANALYSIS = YES;
				CLANG_WARN_STRICT_PROTOTYPES = YES;
				CLANG_WARN_SUSPICIOUS_MOVE = YES;
				CLANG_WARN_UNGUARDED_AVAILABILITY = YES_AGGRESSIVE;
				CLANG_WARN_UNREACHABLE_CODE = YES;
				CLANG_WARN__DUPLICATE_METHOD_MATCH = YES;
				COPY_PHASE_STRIP = NO;
				DEBUG_INFORMATION_FORMAT = dwarf;
				ENABLE_STRICT_OBJC_MSGSEND = YES;
				ENABLE_TESTABILITY = YES;
				ENABLE_USER_SCRIPT_SANDBOXING = YES;
				GCC_C_LANGUAGE_STANDARD = gnu17;
				GCC_DYNAMIC_NO_PIC = NO;
				GCC_NO_COMMON_BLOCKS = YES;
				GCC_OPTIMIZATION_LEVEL = 0;
				GCC_PREPROCESSOR_DEFINITIONS = (
					"DEBUG=1",
					"$(inherited)",
				);
				GCC_WARN_64_TO_32_BIT_CONVERSION = YES;
				GCC_WARN_ABOUT_RETURN_TYPE = YES_ERROR;
				GCC_WARN_UNDECLARED_SELECTOR = YES;
				GCC_WARN_UNINITIALIZED_AUTOS = YES_AGGRESSIVE;
				GCC_WARN_UNUSED_FUNCTION = YES;
				GCC_WARN_UNUSED_VARIABLE = YES;
				IPHONEOS_DEPLOYMENT_TARGET = 18.0;
				LOCALIZATION_PREFERS_STRING_CATALOGS = YES;
				MTL_ENABLE_DEBUG_INFO = INCLUDE_SOURCE;
				MTL_FAST_MATH = YES;
				ONLY_ACTIVE_ARCH = YES;
				SDKROOT = iphoneos;
				SWIFT_ACTIVE_COMPILATION_CONDITIONS = "DEBUG $(inherited)";
				SWIFT_OPTIMIZATION_LEVEL = "-Onone";
			};
			name = Debug;
		};
		9C97CDFB2D88B0E600DAFECE /* Release */ = {
			isa = XCBuildConfiguration;
			buildSettings = {
				ALWAYS_SEARCH_USER_PATHS = NO;
				ASSETCATALOG_COMPILER_GENERATE_SWIFT_ASSET_SYMBOL_EXTENSIONS = YES;
				CLANG_ANALYZER_NONNULL = YES;
				CLANG_ANALYZER_NUMBER_OBJECT_CONVERSION = YES_AGGRESSIVE;
				CLANG_CXX_LANGUAGE_STANDARD = "gnu++20";
				CLANG_ENABLE_MODULES = YES;
				CLANG_ENABLE_OBJC_ARC = YES;
				CLANG_ENABLE_OBJC_WEAK = YES;
				CLANG_WARN_BLOCK_CAPTURE_AUTORELEASING = YES;
				CLANG_WARN_BOOL_CONVERSION = YES;
				CLANG_WARN_COMMA = YES;
				CLANG_WARN_CONSTANT_CONVERSION = YES;
				CLANG_WARN_DEPRECATED_OBJC_IMPLEMENTATIONS = YES;
				CLANG_WARN_DIRECT_OBJC_ISA_USAGE = YES_ERROR;
				CLANG_WARN_DOCUMENTATION_COMMENTS = YES;
				CLANG_WARN_EMPTY_BODY = YES;
				CLANG_WARN_ENUM_CONVERSION = YES;
				CLANG_WARN_INFINITE_RECURSION = YES;
				CLANG_WARN_INT_CONVERSION = YES;
				CLANG_WARN_NON_LITERAL_NULL_CONVERSION = YES;
				CLANG_WARN_OBJC_IMPLICIT_RETAIN_SELF = YES;
				CLANG_WARN_OBJC_LITERAL_CONVERSION = YES;
				CLANG_WARN_OBJC_ROOT_CLASS = YES_ERROR;
				CLANG_WARN_QUOTED_INCLUDE_IN_FRAMEWORK_HEADER = YES;
				CLANG_WARN_RANGE_LOOP_ANALYSIS = YES;
				CLANG_WARN_STRICT_PROTOTYPES = YES;
				CLANG_WARN_SUSPICIOUS_MOVE = YES;
				CLANG_WARN_UNGUARDED_AVAILABILITY = YES_AGGRESSIVE;
				CLANG_WARN_UNREACHABLE_CODE = YES;
				CLANG_WARN__DUPLICATE_METHOD_MATCH = YES;
				COPY_PHASE_STRIP = NO;
				DEBUG_INFORMATION_FORMAT = "dwarf-with-dsym";
				ENABLE_NS_ASSERTIONS = NO;
				ENABLE_STRICT_OBJC_MSGSEND = YES;
				ENABLE_USER_SCRIPT_SANDBOXING = YES;
				GCC_C_LANGUAGE_STANDARD = gnu17;
				GCC_NO_COMMON_BLOCKS = YES;
				GCC_WARN_64_TO_32_BIT_CONVERSION = YES;
				GCC_WARN_ABOUT_RETURN_TYPE = YES_ERROR;
				GCC_WARN_UNDECLARED_SELECTOR = YES;
				GCC_WARN_UNINITIALIZED_AUTOS = YES_AGGRESSIVE;
				GCC_WARN_UNUSED_FUNCTION = YES;
				GCC_WARN_UNUSED_VARIABLE = YES;
				IPHONEOS_DEPLOYMENT_TARGET = 18.0;
				LOCALIZATION_PREFERS_STRING_CATALOGS = YES;
				MTL_ENABLE_DEBUG_INFO = NO;
				MTL_FAST_MATH = YES;
				SDKROOT = iphoneos;
				SWIFT_COMPILATION_MODE = wholemodule;
				VALIDATE_PRODUCT = YES;
			};
			name = Release;
		};
		9C97CDFD2D88B0E600DAFECE /* Debug */ = {
			isa = XCBuildConfiguration;
			buildSettings = {
				BUNDLE_LOADER = "$(TEST_HOST)";
				CODE_SIGN_STYLE = Automatic;
				CURRENT_PROJECT_VERSION = 1;
				GENERATE_INFOPLIST_FILE = YES;
				IPHONEOS_DEPLOYMENT_TARGET = 18.0;
				MARKETING_VERSION = 1.0;
				PRODUCT_BUNDLE_IDENTIFIER = EventPalz.com.BiometricsDemoTests;
				PRODUCT_NAME = "$(TARGET_NAME)";
				SWIFT_EMIT_LOC_STRINGS = NO;
				SWIFT_VERSION = 5.0;
				TARGETED_DEVICE_FAMILY = "1,2";
				TEST_HOST = "$(BUILT_PRODUCTS_DIR)/BiometricsDemo.app/$(BUNDLE_EXECUTABLE_FOLDER_PATH)/BiometricsDemo";
			};
			name = Debug;
		};
		9C97CDFE2D88B0E600DAFECE /* Release */ = {
			isa = XCBuildConfiguration;
			buildSettings = {
				BUNDLE_LOADER = "$(TEST_HOST)";
				CODE_SIGN_STYLE = Automatic;
				CURRENT_PROJECT_VERSION = 1;
				GENERATE_INFOPLIST_FILE = YES;
				IPHONEOS_DEPLOYMENT_TARGET = 18.0;
				MARKETING_VERSION = 1.0;
				PRODUCT_BUNDLE_IDENTIFIER = EventPalz.com.BiometricsDemoTests;
				PRODUCT_NAME = "$(TARGET_NAME)";
				SWIFT_EMIT_LOC_STRINGS = NO;
				SWIFT_VERSION = 5.0;
				TARGETED_DEVICE_FAMILY = "1,2";
				TEST_HOST = "$(BUILT_PRODUCTS_DIR)/BiometricsDemo.app/$(BUNDLE_EXECUTABLE_FOLDER_PATH)/BiometricsDemo";
			};
			name = Release;
		};
		9C97CE002D88B0E600DAFECE /* Debug */ = {
			isa = XCBuildConfiguration;
			buildSettings = {
				CODE_SIGN_STYLE = Automatic;
				CURRENT_PROJECT_VERSION = 1;
				GENERATE_INFOPLIST_FILE = YES;
				MARKETING_VERSION = 1.0;
				PRODUCT_BUNDLE_IDENTIFIER = EventPalz.com.BiometricsDemoUITests;
				PRODUCT_NAME = "$(TARGET_NAME)";
				SWIFT_EMIT_LOC_STRINGS = NO;
				SWIFT_VERSION = 5.0;
				TARGETED_DEVICE_FAMILY = "1,2";
				TEST_TARGET_NAME = BiometricsDemo;
			};
			name = Debug;
		};
		9C97CE012D88B0E600DAFECE /* Release */ = {
			isa = XCBuildConfiguration;
			buildSettings = {
				CODE_SIGN_STYLE = Automatic;
				CURRENT_PROJECT_VERSION = 1;
				GENERATE_INFOPLIST_FILE = YES;
				MARKETING_VERSION = 1.0;
				PRODUCT_BUNDLE_IDENTIFIER = EventPalz.com.BiometricsDemoUITests;
				PRODUCT_NAME = "$(TARGET_NAME)";
				SWIFT_EMIT_LOC_STRINGS = NO;
				SWIFT_VERSION = 5.0;
				TARGETED_DEVICE_FAMILY = "1,2";
				TEST_TARGET_NAME = BiometricsDemo;
			};
			name = Release;
		};
/* End XCBuildConfiguration section */

/* Begin XCConfigurationList section */
		9C97CDC92D88B0E000DAFECE /* Build configuration list for PBXProject "BiometricsDemo" */ = {
			isa = XCConfigurationList;
			buildConfigurations = (
				9C97CDFA2D88B0E600DAFECE /* Debug */,
				9C97CDFB2D88B0E600DAFECE /* Release */,
			);
			defaultConfigurationIsVisible = 0;
			defaultConfigurationName = Release;
		};
		9C97CDF72D88B0E600DAFECE /* Build configuration list for PBXNativeTarget "BiometricsDemo" */ = {
			isa = XCConfigurationList;
			buildConfigurations = (
				9C97CDF82D88B0E600DAFECE /* Debug */,
				9C97CDF92D88B0E600DAFECE /* Release */,
			);
			defaultConfigurationIsVisible = 0;
			defaultConfigurationName = Release;
		};
		9C97CDFC2D88B0E600DAFECE /* Build configuration list for PBXNativeTarget "BiometricsDemoTests" */ = {
			isa = XCConfigurationList;
			buildConfigurations = (
				9C97CDFD2D88B0E600DAFECE /* Debug */,
				9C97CDFE2D88B0E600DAFECE /* Release */,
			);
			defaultConfigurationIsVisible = 0;
			defaultConfigurationName = Release;
		};
		9C97CDFF2D88B0E600DAFECE /* Build configuration list for PBXNativeTarget "BiometricsDemoUITests" */ = {
			isa = XCConfigurationList;
			buildConfigurations = (
				9C97CE002D88B0E600DAFECE /* Debug */,
				9C97CE012D88B0E600DAFECE /* Release */,
			);
			defaultConfigurationIsVisible = 0;
			defaultConfigurationName = Release;
		};
/* End XCConfigurationList section */

/* Begin XCRemoteSwiftPackageReference section */
		9C97CE042D88B11F00DAFECE /* XCRemoteSwiftPackageReference "BiometricSDK" */ = {
			isa = XCRemoteSwiftPackageReference;
			repositoryURL = "https://github.com/naresh04/BiometricSDK";
			requirement = {
				branch = main;
				kind = branch;
			};
		};
/* End XCRemoteSwiftPackageReference section */

/* Begin XCSwiftPackageProductDependency section */
		9C97CE052D88B11F00DAFECE /* BiometricSDK */ = {
			isa = XCSwiftPackageProductDependency;
			package = 9C97CE042D88B11F00DAFECE /* XCRemoteSwiftPackageReference "BiometricSDK" */;
			productName = BiometricSDK;
		};
/* End XCSwiftPackageProductDependency section */
	};
	rootObject = 9C97CDC62D88B0E000DAFECE /* Project object */;
}
